
Microsoft Visual Studio Solution File, Format Version 12.00
# Visual Studio Version 17
VisualStudioVersion = 17.3.32825.248
MinimumVisualStudioVersion = 10.0.40219.1
Project("{9A19103F-16F7-4668-BE54-9A1E7A4F7556}") = "NailProject", "NailProject\NailProject.csproj", "{175D5573-DDD9-40E5-8678-85AC3C8CC787}"
EndProject
Project("{9A19103F-16F7-4668-BE54-9A1E7A4F7556}") = "NailProject.Data", "ClassLibrary3\NailProject.Data.csproj", "{27C6E6B9-2FA3-48FE-A9B7-3BA0B4590E6A}"
EndProject
Global
	GlobalSection(SolutionConfigurationPlatforms) = preSolution
		Debug|Any CPU = Debug|Any CPU
		Release|Any CPU = Release|Any CPU
	EndGlobalSection
	GlobalSection(ProjectConfigurationPlatforms) = postSolution
		{175D5573-DDD9-40E5-8678-85AC3C8CC787}.Debug|Any CPU.ActiveCfg = Debug|Any CPU
		{175D5573-DDD9-40E5-8678-85AC3C8CC787}.Debug|Any CPU.Build.0 = Debug|Any CPU
		{175D5573-DDD9-40E5-8678-85AC3C8CC787}.Release|Any CPU.ActiveCfg = Release|Any CPU
		{175D5573-DDD9-40E5-8678-85AC3C8CC787}.Release|Any CPU.Build.0 = Release|Any CPU
		{27C6E6B9-2FA3-48FE-A9B7-3BA0B4590E6A}.Debug|Any CPU.ActiveCfg = Debug|Any CPU
		{27C6E6B9-2FA3-48FE-A9B7-3BA0B4590E6A}.Debug|Any CPU.Build.0 = Debug|Any CPU
		{27C6E6B9-2FA3-48FE-A9B7-3BA0B4590E6A}.Release|Any CPU.ActiveCfg = Release|Any CPU
		{27C6E6B9-2FA3-48FE-A9B7-3BA0B4590E6A}.Release|Any CPU.Build.0 = Release|Any CPU
	EndGlobalSection
	GlobalSection(SolutionProperties) = preSolution
		HideSolutionNode = FALSE
	EndGlobalSection
	GlobalSection(ExtensibilityGlobals) = postSolution
		SolutionGuid = {DC08C5A0-6086-461E-B9D0-8BF3EB844E41}
	EndGlobalSection
EndGlobal
